
Microsoft Visual Studio Solution File, Format Version 12.00
# Visual Studio Version 17
VisualStudioVersion = 17.12.35707.178 d17.12
MinimumVisualStudioVersion = 10.0.40219.1
Project("{FAE04EC0-301F-11D3-BF4B-00C04F79EFBC}") = "CCAD17MenteeGroup", "CCAD17MenteeGroup\CCAD17MenteeGroup.csproj", "{447ED5FC-284E-47C4-91C5-E25354D0A059}"
EndProject
Project("{FAE04EC0-301F-11D3-BF4B-00C04F79EFBC}") = "TestProjectCCAD17", "TestProjectCCAD17\TestProjectCCAD17.csproj", "{C2483EE9-0C8D-4BE7-BBBA-76FD6AF1AD47}"
EndProject
Global
	GlobalSection(SolutionConfigurationPlatforms) = preSolution
		Debug|Any CPU = Debug|Any CPU
		Release|Any CPU = Release|Any CPU
	EndGlobalSection
	GlobalSection(ProjectConfigurationPlatforms) = postSolution
		{447ED5FC-284E-47C4-91C5-E25354D0A059}.Debug|Any CPU.ActiveCfg = Debug|Any CPU
		{447ED5FC-284E-47C4-91C5-E25354D0A059}.Debug|Any CPU.Build.0 = Debug|Any CPU
		{447ED5FC-284E-47C4-91C5-E25354D0A059}.Release|Any CPU.ActiveCfg = Release|Any CPU
		{447ED5FC-284E-47C4-91C5-E25354D0A059}.Release|Any CPU.Build.0 = Release|Any CPU
		{C2483EE9-0C8D-4BE7-BBBA-76FD6AF1AD47}.Debug|Any CPU.ActiveCfg = Debug|Any CPU
		{C2483EE9-0C8D-4BE7-BBBA-76FD6AF1AD47}.Debug|Any CPU.Build.0 = Debug|Any CPU
		{C2483EE9-0C8D-4BE7-BBBA-76FD6AF1AD47}.Release|Any CPU.ActiveCfg = Release|Any CPU
		{C2483EE9-0C8D-4BE7-BBBA-76FD6AF1AD47}.Release|Any CPU.Build.0 = Release|Any CPU
	EndGlobalSection
	GlobalSection(SolutionProperties) = preSolution
		HideSolutionNode = FALSE
	EndGlobalSection
EndGlobal
